
Microsoft Visual Studio Solution File, Format Version 12.00
# Visual Studio Version 17
VisualStudioVersion = 17.14.36121.58
MinimumVisualStudioVersion = 10.0.40219.1
Project("{FAE04EC0-301F-11D3-BF4B-00C04F79EFBC}") = "keijiban", "keijiban.csproj", "{FCCC7C55-B9F9-058E-B3D2-2E65E54D258C}"
EndProject
Project("{FAE04EC0-301F-11D3-BF4B-00C04F79EFBC}") = "keijiban.Desktop", "..\keijiban.Desktop\keijiban.Desktop.csproj", "{D47AA063-CA18-7E04-DE03-DF5FB39C08B4}"
EndProject
Project("{FAE04EC0-301F-11D3-BF4B-00C04F79EFBC}") = "keijibanapi", "..\keijibanapi\keijibanapi.csproj", "{1EA85E5B-CED6-4718-A193-67720E4C58FE}"
EndProject
Project("{FAE04EC0-301F-11D3-BF4B-00C04F79EFBC}") = "MessageManager", "..\MessageManager\MessageManager.csproj", "{67F528E7-ED9F-4F45-BAF7-884C064B97BB}"
EndProject
Project("{FAE04EC0-301F-11D3-BF4B-00C04F79EFBC}") = "MessageManager.Desktop", "..\MessageManager.Desktop\MessageManager.Desktop.csproj", "{C93BCFC0-596C-2510-813A-C2C0B7997A7E}"
EndProject
Global
	GlobalSection(SolutionConfigurationPlatforms) = preSolution
		Debug|Any CPU = Debug|Any CPU
		Release|Any CPU = Release|Any CPU
	EndGlobalSection
	GlobalSection(ProjectConfigurationPlatforms) = postSolution
		{FCCC7C55-B9F9-058E-B3D2-2E65E54D258C}.Debug|Any CPU.ActiveCfg = Debug|Any CPU
		{FCCC7C55-B9F9-058E-B3D2-2E65E54D258C}.Debug|Any CPU.Build.0 = Debug|Any CPU
		{FCCC7C55-B9F9-058E-B3D2-2E65E54D258C}.Release|Any CPU.ActiveCfg = Release|Any CPU
		{FCCC7C55-B9F9-058E-B3D2-2E65E54D258C}.Release|Any CPU.Build.0 = Release|Any CPU
		{D47AA063-CA18-7E04-DE03-DF5FB39C08B4}.Debug|Any CPU.ActiveCfg = Debug|Any CPU
		{D47AA063-CA18-7E04-DE03-DF5FB39C08B4}.Debug|Any CPU.Build.0 = Debug|Any CPU
		{D47AA063-CA18-7E04-DE03-DF5FB39C08B4}.Release|Any CPU.ActiveCfg = Release|Any CPU
		{D47AA063-CA18-7E04-DE03-DF5FB39C08B4}.Release|Any CPU.Build.0 = Release|Any CPU
		{1EA85E5B-CED6-4718-A193-67720E4C58FE}.Debug|Any CPU.ActiveCfg = Debug|Any CPU
		{1EA85E5B-CED6-4718-A193-67720E4C58FE}.Debug|Any CPU.Build.0 = Debug|Any CPU
		{1EA85E5B-CED6-4718-A193-67720E4C58FE}.Release|Any CPU.ActiveCfg = Release|Any CPU
		{1EA85E5B-CED6-4718-A193-67720E4C58FE}.Release|Any CPU.Build.0 = Release|Any CPU
		{67F528E7-ED9F-4F45-BAF7-884C064B97BB}.Debug|Any CPU.ActiveCfg = Debug|Any CPU
		{67F528E7-ED9F-4F45-BAF7-884C064B97BB}.Debug|Any CPU.Build.0 = Debug|Any CPU
		{67F528E7-ED9F-4F45-BAF7-884C064B97BB}.Release|Any CPU.ActiveCfg = Release|Any CPU
		{67F528E7-ED9F-4F45-BAF7-884C064B97BB}.Release|Any CPU.Build.0 = Release|Any CPU
		{C93BCFC0-596C-2510-813A-C2C0B7997A7E}.Debug|Any CPU.ActiveCfg = Debug|Any CPU
		{C93BCFC0-596C-2510-813A-C2C0B7997A7E}.Debug|Any CPU.Build.0 = Debug|Any CPU
		{C93BCFC0-596C-2510-813A-C2C0B7997A7E}.Release|Any CPU.ActiveCfg = Release|Any CPU
		{C93BCFC0-596C-2510-813A-C2C0B7997A7E}.Release|Any CPU.Build.0 = Release|Any CPU
	EndGlobalSection
	GlobalSection(SolutionProperties) = preSolution
		HideSolutionNode = FALSE
	EndGlobalSection
	GlobalSection(ExtensibilityGlobals) = postSolution
		SolutionGuid = {5AFA6C09-7010-4A77-9727-76C214439B5A}
	EndGlobalSection
EndGlobal
